
Microsoft Visual Studio Solution File, Format Version 12.00
# Visual Studio Version 17
VisualStudioVersion = 17.5.33414.496
MinimumVisualStudioVersion = 10.0.40219.1
Project("{FAE04EC0-301F-11D3-BF4B-00C04F79EFBC}") = "GitDemoTimCoreyApp", "GitDemoTimCoreyApp\GitDemoTimCoreyApp.csproj", "{BD65ADEE-9D92-4C75-A23A-EFE8A23A3AE3}"
EndProject
Global
	GlobalSection(SolutionConfigurationPlatforms) = preSolution
		Debug|Any CPU = Debug|Any CPU
		Release|Any CPU = Release|Any CPU
	EndGlobalSection
	GlobalSection(ProjectConfigurationPlatforms) = postSolution
		{BD65ADEE-9D92-4C75-A23A-EFE8A23A3AE3}.Debug|Any CPU.ActiveCfg = Debug|Any CPU
		{BD65ADEE-9D92-4C75-A23A-EFE8A23A3AE3}.Debug|Any CPU.Build.0 = Debug|Any CPU
		{BD65ADEE-9D92-4C75-A23A-EFE8A23A3AE3}.Release|Any CPU.ActiveCfg = Release|Any CPU
		{BD65ADEE-9D92-4C75-A23A-EFE8A23A3AE3}.Release|Any CPU.Build.0 = Release|Any CPU
	EndGlobalSection
	GlobalSection(SolutionProperties) = preSolution
		HideSolutionNode = FALSE
	EndGlobalSection
	GlobalSection(ExtensibilityGlobals) = postSolution
		SolutionGuid = {64DE34CC-3E56-4DAA-8CD8-F17CD73D6A16}
	EndGlobalSection
EndGlobal
